// !$*UTF8*$!
{
	archiveVersion = 1;
	classes = {
	};
	objectVersion = 46;
	objects = {

/* Begin PBXBuildFile section */
		7143E7041AB2412F00670A5A /* AppDelegate.swift in Sources */ = {isa = PBXBuildFile; fileRef = 7143E7031AB2412F00670A5A /* AppDelegate.swift */; };
		7143E7061AB2412F00670A5A /* ViewController.swift in Sources */ = {isa = PBXBuildFile; fileRef = 7143E7051AB2412F00670A5A /* ViewController.swift */; };
		7143E7091AB2412F00670A5A /* Main.storyboard in Resources */ = {isa = PBXBuildFile; fileRef = 7143E7071AB2412F00670A5A /* Main.storyboard */; };
		7143E70B1AB2412F00670A5A /* Images.xcassets in Resources */ = {isa = PBXBuildFile; fileRef = 7143E70A1AB2412F00670A5A /* Images.xcassets */; };
		7143E70E1AB2412F00670A5A /* LaunchScreen.xib in Resources */ = {isa = PBXBuildFile; fileRef = 7143E70C1AB2412F00670A5A /* LaunchScreen.xib */; };
		7143E71A1AB2412F00670A5A /* fbLoginTests.swift in Sources */ = {isa = PBXBuildFile; fileRef = 7143E7191AB2412F00670A5A /* fbLoginTests.swift */; };
		7143E7271AB2418800670A5A /* Bolts.framework in Frameworks */ = {isa = PBXBuildFile; fileRef = 7143E7241AB2418800670A5A /* Bolts.framework */; };
		7143E7281AB2418800670A5A /* FacebookSDK.framework in Frameworks */ = {isa = PBXBuildFile; fileRef = 7143E7251AB2418800670A5A /* FacebookSDK.framework */; };
		7143E7291AB2418800670A5A /* FBAudienceNetwork.framework in Frameworks */ = {isa = PBXBuildFile; fileRef = 7143E7261AB2418800670A5A /* FBAudienceNetwork.framework */; };
/* End PBXBuildFile section */

/* Begin PBXContainerItemProxy section */
		7143E7141AB2412F00670A5A /* PBXContainerItemProxy */ = {
			isa = PBXContainerItemProxy;
			containerPortal = 7143E6F61AB2412E00670A5A /* Project object */;
			proxyType = 1;
			remoteGlobalIDString = 7143E6FD1AB2412F00670A5A;
			remoteInfo = fbLogin;
		};
/* End PBXContainerItemProxy section */

/* Begin PBXFileReference section */
		7143E6FE1AB2412F00670A5A /* fbLogin.app */ = {isa = PBXFileReference; explicitFileType = wrapper.application; includeInIndex = 0; path = fbLogin.app; sourceTree = BUILT_PRODUCTS_DIR; };
		7143E7021AB2412F00670A5A /* Info.plist */ = {isa = PBXFileReference; lastKnownFileType = text.plist.xml; path = Info.plist; sourceTree = "<group>"; };
		7143E7031AB2412F00670A5A /* AppDelegate.swift */ = {isa = PBXFileReference; lastKnownFileType = sourcecode.swift; path = AppDelegate.swift; sourceTree = "<group>"; };
		7143E7051AB2412F00670A5A /* ViewController.swift */ = {isa = PBXFileReference; lastKnownFileType = sourcecode.swift; path = ViewController.swift; sourceTree = "<group>"; };
		7143E7081AB2412F00670A5A /* Base */ = {isa = PBXFileReference; lastKnownFileType = file.storyboard; name = Base; path = Base.lproj/Main.storyboard; sourceTree = "<group>"; };
		7143E70A1AB2412F00670A5A /* Images.xcassets */ = {isa = PBXFileReference; lastKnownFileType = folder.assetcatalog; path = Images.xcassets; sourceTree = "<group>"; };
		7143E70D1AB2412F00670A5A /* Base */ = {isa = PBXFileReference; lastKnownFileType = file.xib; name = Base; path = Base.lproj/LaunchScreen.xib; sourceTree = "<group>"; };
		7143E7131AB2412F00670A5A /* fbLoginTests.xctest */ = {isa = PBXFileReference; explicitFileType = wrapper.cfbundle; includeInIndex = 0; path = fbLoginTests.xctest; sourceTree = BUILT_PRODUCTS_DIR; };
		7143E7181AB2412F00670A5A /* Info.plist */ = {isa = PBXFileReference; lastKnownFileType = text.plist.xml; path = Info.plist; sourceTree = "<group>"; };
		7143E7191AB2412F00670A5A /* fbLoginTests.swift */ = {isa = PBXFileReference; lastKnownFileType = sourcecode.swift; path = fbLoginTests.swift; sourceTree = "<group>"; };
		7143E7241AB2418800670A5A /* Bolts.framework */ = {isa = PBXFileReference; lastKnownFileType = wrapper.framework; path = Bolts.framework; sourceTree = "<group>"; };
		7143E7251AB2418800670A5A /* FacebookSDK.framework */ = {isa = PBXFileReference; lastKnownFileType = wrapper.framework; path = FacebookSDK.framework; sourceTree = "<group>"; };
		7143E7261AB2418800670A5A /* FBAudienceNetwork.framework */ = {isa = PBXFileReference; lastKnownFileType = wrapper.framework; path = FBAudienceNetwork.framework; sourceTree = "<group>"; };
		7143E72A1AB241CC00670A5A /* Bridging-Header.h */ = {isa = PBXFileReference; lastKnownFileType = sourcecode.c.h; path = "Bridging-Header.h"; sourceTree = "<group>"; };
/* End PBXFileReference section */

/* Begin PBXFrameworksBuildPhase section */
		7143E6FB1AB2412F00670A5A /* Frameworks */ = {
			isa = PBXFrameworksBuildPhase;
			buildActionMask = 2147483647;
			files = (
				7143E7291AB2418800670A5A /* FBAudienceNetwork.framework in Frameworks */,
				7143E7271AB2418800670A5A /* Bolts.framework in Frameworks */,
				7143E7281AB2418800670A5A /* FacebookSDK.framework in Frameworks */,
			);
			runOnlyForDeploymentPostprocessing = 0;
		};
		7143E7101AB2412F00670A5A /* Frameworks */ = {
			isa = PBXFrameworksBuildPhase;
			buildActionMask = 2147483647;
			files = (
			);
			runOnlyForDeploymentPostprocessing = 0;
		};
/* End PBXFrameworksBuildPhase section */

/* Begin PBXGroup section */
		7143E6F51AB2412E00670A5A = {
			isa = PBXGroup;
			children = (
				7143E7001AB2412F00670A5A /* fbLogin */,
				7143E7161AB2412F00670A5A /* fbLoginTests */,
				7143E6FF1AB2412F00670A5A /* Products */,
			);
			sourceTree = "<group>";
		};
		7143E6FF1AB2412F00670A5A /* Products */ = {
			isa = PBXGroup;
			children = (
				7143E6FE1AB2412F00670A5A /* fbLogin.app */,
				7143E7131AB2412F00670A5A /* fbLoginTests.xctest */,
			);
			name = Products;
			sourceTree = "<group>";
		};
		7143E7001AB2412F00670A5A /* fbLogin */ = {
			isa = PBXGroup;
			children = (
				7143E72A1AB241CC00670A5A /* Bridging-Header.h */,
				7143E7231AB2413E00670A5A /* Framework */,
				7143E7031AB2412F00670A5A /* AppDelegate.swift */,
				7143E7051AB2412F00670A5A /* ViewController.swift */,
				7143E7071AB2412F00670A5A /* Main.storyboard */,
				7143E70A1AB2412F00670A5A /* Images.xcassets */,
				7143E70C1AB2412F00670A5A /* LaunchScreen.xib */,
				7143E7011AB2412F00670A5A /* Supporting Files */,
			);
			path = fbLogin;
			sourceTree = "<group>";
		};
		7143E7011AB2412F00670A5A /* Supporting Files */ = {
			isa = PBXGroup;
			children = (
				7143E7021AB2412F00670A5A /* Info.plist */,
			);
			name = "Supporting Files";
			sourceTree = "<group>";
		};
		7143E7161AB2412F00670A5A /* fbLoginTests */ = {
			isa = PBXGroup;
			children = (
				7143E7191AB2412F00670A5A /* fbLoginTests.swift */,
				7143E7171AB2412F00670A5A /* Supporting Files */,
			);
			path = fbLoginTests;
			sourceTree = "<group>";
		};
		7143E7171AB2412F00670A5A /* Supporting Files */ = {
			isa = PBXGroup;
			children = (
				7143E7181AB2412F00670A5A /* Info.plist */,
			);
			name = "Supporting Files";
			sourceTree = "<group>";
		};
		7143E7231AB2413E00670A5A /* Framework */ = {
			isa = PBXGroup;
			children = (
				7143E7241AB2418800670A5A /* Bolts.framework */,
				7143E7251AB2418800670A5A /* FacebookSDK.framework */,
				7143E7261AB2418800670A5A /* FBAudienceNetwork.framework */,
			);
			name = Framework;
			sourceTree = "<group>";
		};
/* End PBXGroup section */

/* Begin PBXNativeTarget section */
		7143E6FD1AB2412F00670A5A /* fbLogin */ = {
			isa = PBXNativeTarget;
			buildConfigurationList = 7143E71D1AB2412F00670A5A /* Build configuration list for PBXNativeTarget "fbLogin" */;
			buildPhases = (
				7143E6FA1AB2412F00670A5A /* Sources */,
				7143E6FB1AB2412F00670A5A /* Frameworks */,
				7143E6FC1AB2412F00670A5A /* Resources */,
			);
			buildRules = (
			);
			dependencies = (
			);
			name = fbLogin;
			productName = fbLogin;
			productReference = 7143E6FE1AB2412F00670A5A /* fbLogin.app */;
			productType = "com.apple.product-type.application";
		};
		7143E7121AB2412F00670A5A /* fbLoginTests */ = {
			isa = PBXNativeTarget;
			buildConfigurationList = 7143E7201AB2412F00670A5A /* Build configuration list for PBXNativeTarget "fbLoginTests" */;
			buildPhases = (
				7143E70F1AB2412F00670A5A /* Sources */,
				7143E7101AB2412F00670A5A /* Frameworks */,
				7143E7111AB2412F00670A5A /* Resources */,
			);
			buildRules = (
			);
			dependencies = (
				7143E7151AB2412F00670A5A /* PBXTargetDependency */,
			);
			name = fbLoginTests;
			productName = fbLoginTests;
			productReference = 7143E7131AB2412F00670A5A /* fbLoginTests.xctest */;
			productType = "com.apple.product-type.bundle.unit-test";
		};
/* End PBXNativeTarget section */

/* Begin PBXProject section */
		7143E6F61AB2412E00670A5A /* Project object */ = {
			isa = PBXProject;
			attributes = {
				LastUpgradeCheck = 0610;
				ORGANIZATIONNAME = gamer;
				TargetAttributes = {
					7143E6FD1AB2412F00670A5A = {
						CreatedOnToolsVersion = 6.1.1;
					};
					7143E7121AB2412F00670A5A = {
						CreatedOnToolsVersion = 6.1.1;
						TestTargetID = 7143E6FD1AB2412F00670A5A;
					};
				};
			};
			buildConfigurationList = 7143E6F91AB2412E00670A5A /* Build configuration list for PBXProject "fbLogin" */;
			compatibilityVersion = "Xcode 3.2";
			developmentRegion = English;
			hasScannedForEncodings = 0;
			knownRegions = (
				en,
				Base,
			);
			mainGroup = 7143E6F51AB2412E00670A5A;
			productRefGroup = 7143E6FF1AB2412F00670A5A /* Products */;
			projectDirPath = "";
			projectRoot = "";
			targets = (
				7143E6FD1AB2412F00670A5A /* fbLogin */,
				7143E7121AB2412F00670A5A /* fbLoginTests */,
			);
		};
/* End PBXProject section */

/* Begin PBXResourcesBuildPhase section */
		7143E6FC1AB2412F00670A5A /* Resources */ = {
			isa = PBXResourcesBuildPhase;
			buildActionMask = 2147483647;
			files = (
				7143E7091AB2412F00670A5A /* Main.storyboard in Resources */,
				7143E70E1AB2412F00670A5A /* LaunchScreen.xib in Resources */,
				7143E70B1AB2412F00670A5A /* Images.xcassets in Resources */,
			);
			runOnlyForDeploymentPostprocessing = 0;
		};
		7143E7111AB2412F00670A5A /* Resources */ = {
			isa = PBXResourcesBuildPhase;
			buildActionMask = 2147483647;
			files = (
			);
			runOnlyForDeploymentPostprocessing = 0;
		};
/* End PBXResourcesBuildPhase section */

/* Begin PBXSourcesBuildPhase section */
		7143E6FA1AB2412F00670A5A /* Sources */ = {
			isa = PBXSourcesBuildPhase;
			buildActionMask = 2147483647;
			files = (
				7143E7061AB2412F00670A5A /* ViewController.swift in Sources */,
				7143E7041AB2412F00670A5A /* AppDelegate.swift in Sources */,
			);
			runOnlyForDeploymentPostprocessing = 0;
		};
		7143E70F1AB2412F00670A5A /* Sources */ = {
			isa = PBXSourcesBuildPhase;
			buildActionMask = 2147483647;
			files = (
				7143E71A1AB2412F00670A5A /* fbLoginTests.swift in Sources */,
			);
			runOnlyForDeploymentPostprocessing = 0;
		};
/* End PBXSourcesBuildPhase section */

/* Begin PBXTargetDependency section */
		7143E7151AB2412F00670A5A /* PBXTargetDependency */ = {
			isa = PBXTargetDependency;
			target = 7143E6FD1AB2412F00670A5A /* fbLogin */;
			targetProxy = 7143E7141AB2412F00670A5A /* PBXContainerItemProxy */;
		};
/* End PBXTargetDependency section */

/* Begin PBXVariantGroup section */
		7143E7071AB2412F00670A5A /* Main.storyboard */ = {
			isa = PBXVariantGroup;
			children = (
				7143E7081AB2412F00670A5A /* Base */,
			);
			name = Main.storyboard;
			sourceTree = "<group>";
		};
		7143E70C1AB2412F00670A5A /* LaunchScreen.xib */ = {
			isa = PBXVariantGroup;
			children = (
				7143E70D1AB2412F00670A5A /* Base */,
			);
			name = LaunchScreen.xib;
			sourceTree = "<group>";
		};
/* End PBXVariantGroup section */

/* Begin XCBuildConfiguration section */
		7143E71B1AB2412F00670A5A /* Debug */ = {
			isa = XCBuildConfiguration;
			buildSettings = {
				ALWAYS_SEARCH_USER_PATHS = NO;
				CLANG_CXX_LANGUAGE_STANDARD = "gnu++0x";
				CLANG_CXX_LIBRARY = "libc++";
				CLANG_ENABLE_MODULES = YES;
				CLANG_ENABLE_OBJC_ARC = YES;
				CLANG_WARN_BOOL_CONVERSION = YES;
				CLANG_WARN_CONSTANT_CONVERSION = YES;
				CLANG_WARN_DIRECT_OBJC_ISA_USAGE = YES_ERROR;
				CLANG_WARN_EMPTY_BODY = YES;
				CLANG_WARN_ENUM_CONVERSION = YES;
				CLANG_WARN_INT_CONVERSION = YES;
				CLANG_WARN_OBJC_ROOT_CLASS = YES_ERROR;
				CLANG_WARN_UNREACHABLE_CODE = YES;
				CLANG_WARN__DUPLICATE_METHOD_MATCH = YES;
				"CODE_SIGN_IDENTITY[sdk=iphoneos*]" = "iPhone Developer";
				COPY_PHASE_STRIP = NO;
				ENABLE_STRICT_OBJC_MSGSEND = YES;
				GCC_C_LANGUAGE_STANDARD = gnu99;
				GCC_DYNAMIC_NO_PIC = NO;
				GCC_OPTIMIZATION_LEVEL = 0;
				GCC_PREPROCESSOR_DEFINITIONS = (
					"DEBUG=1",
					"$(inherited)",
				);
				GCC_SYMBOLS_PRIVATE_EXTERN = NO;
				GCC_WARN_64_TO_32_BIT_CONVERSION = YES;
				GCC_WARN_ABOUT_RETURN_TYPE = YES_ERROR;
				GCC_WARN_UNDECLARED_SELECTOR = YES;
				GCC_WARN_UNINITIALIZED_AUTOS = YES_AGGRESSIVE;
				GCC_WARN_UNUSED_FUNCTION = YES;
				GCC_WARN_UNUSED_VARIABLE = YES;
				IPHONEOS_DEPLOYMENT_TARGET = 8.1;
				MTL_ENABLE_DEBUG_INFO = YES;
				ONLY_ACTIVE_ARCH = YES;
				SDKROOT = iphoneos;
				SWIFT_OPTIMIZATION_LEVEL = "-Onone";
			};
			name = Debug;
		};
		7143E71C1AB2412F00670A5A /* Release */ = {
			isa = XCBuildConfiguration;
			buildSettings = {
				ALWAYS_SEARCH_USER_PATHS = NO;
				CLANG_CXX_LANGUAGE_STANDARD = "gnu++0x";
				CLANG_CXX_LIBRARY = "libc++";
				CLANG_ENABLE_MODULES = YES;
				CLANG_ENABLE_OBJC_ARC = YES;
				CLANG_WARN_BOOL_CONVERSION = YES;
				CLANG_WARN_CONSTANT_CONVERSION = YES;
				CLANG_WARN_DIRECT_OBJC_ISA_USAGE = YES_ERROR;
				CLANG_WARN_EMPTY_BODY = YES;
				CLANG_WARN_ENUM_CONVERSION = YES;
				CLANG_WARN_INT_CONVERSION = YES;
				CLANG_WARN_OBJC_ROOT_CLASS = YES_ERROR;
				CLANG_WARN_UNREACHABLE_CODE = YES;
				CLANG_WARN__DUPLICATE_METHOD_MATCH = YES;
				"CODE_SIGN_IDENTITY[sdk=iphoneos*]" = "iPhone Developer";
				COPY_PHASE_STRIP = YES;
				ENABLE_NS_ASSERTIONS = NO;
				ENABLE_STRICT_OBJC_MSGSEND = YES;
				GCC_C_LANGUAGE_STANDARD = gnu99;
				GCC_WARN_64_TO_32_BIT_CONVERSION = YES;
				GCC_WARN_ABOUT_RETURN_TYPE = YES_ERROR;
				GCC_WARN_UNDECLARED_SELECTOR = YES;
				GCC_WARN_UNINITIALIZED_AUTOS = YES_AGGRESSIVE;
				GCC_WARN_UNUSED_FUNCTION = YES;
				GCC_WARN_UNUSED_VARIABLE = YES;
				IPHONEOS_DEPLOYMENT_TARGET = 8.1;
				MTL_ENABLE_DEBUG_INFO = NO;
				SDKROOT = iphoneos;
				VALIDATE_PRODUCT = YES;
			};
			name = Release;
		};
		7143E71E1AB2412F00670A5A /* Debug */ = {
			isa = XCBuildConfiguration;
			buildSettings = {
				ASSETCATALOG_COMPILER_APPICON_NAME = AppIcon;
				FRAMEWORK_SEARCH_PATHS = (
					"$(inherited)",
					"$(PROJECT_DIR)/fbLogin",
				);
				INFOPLIST_FILE = fbLogin/Info.plist;
				LD_RUNPATH_SEARCH_PATHS = "$(inherited) @executable_path/Frameworks";
				PRODUCT_NAME = "$(TARGET_NAME)";
				SWIFT_OBJC_BRIDGING_HEADER = "fbLogin/Bridging-Header.h";
			};
			name = Debug;
		};
		7143E71F1AB2412F00670A5A /* Release */ = {
			isa = XCBuildConfiguration;
			buildSettings = {
				ASSETCATALOG_COMPILER_APPICON_NAME = AppIcon;
				FRAMEWORK_SEARCH_PATHS = (
					"$(inherited)",
					"$(PROJECT_DIR)/fbLogin",
				);
				INFOPLIST_FILE = fbLogin/Info.plist;
				LD_RUNPATH_SEARCH_PATHS = "$(inherited) @executable_path/Frameworks";
				PRODUCT_NAME = "$(TARGET_NAME)";
				SWIFT_OBJC_BRIDGING_HEADER = "fbLogin/Bridging-Header.h";
			};
			name = Release;
		};
		7143E7211AB2412F00670A5A /* Debug */ = {
			isa = XCBuildConfiguration;
			buildSettings = {
				BUNDLE_LOADER = "$(TEST_HOST)";
				FRAMEWORK_SEARCH_PATHS = (
					"$(SDKROOT)/Developer/Library/Frameworks",
					"$(inherited)",
				);
				GCC_PREPROCESSOR_DEFINITIONS = (
					"DEBUG=1",
					"$(inherited)",
				);
				INFOPLIST_FILE = fbLoginTests/Info.plist;
				LD_RUNPATH_SEARCH_PATHS = "$(inherited) @executable_path/Frameworks @loader_path/Frameworks";
				PRODUCT_NAME = "$(TARGET_NAME)";
				TEST_HOST = "$(BUILT_PRODUCTS_DIR)/fbLogin.app/fbLogin";
			};
			name = Debug;
		};
		7143E7221AB2412F00670A5A /* Release */ = {
			isa = XCBuildConfiguration;
			buildSettings = {
				BUNDLE_LOADER = "$(TEST_HOST)";
				FRAMEWORK_SEARCH_PATHS = (
					"$(SDKROOT)/Developer/Library/Frameworks",
					"$(inherited)",
				);
				INFOPLIST_FILE = fbLoginTests/Info.plist;
				LD_RUNPATH_SEARCH_PATHS = "$(inherited) @executable_path/Frameworks @loader_path/Frameworks";
				PRODUCT_NAME = "$(TARGET_NAME)";
				TEST_HOST = "$(BUILT_PRODUCTS_DIR)/fbLogin.app/fbLogin";
			};
			name = Release;
		};
/* End XCBuildConfiguration section */

/* Begin XCConfigurationList section */
		7143E6F91AB2412E00670A5A /* Build configuration list for PBXProject "fbLogin" */ = {
			isa = XCConfigurationList;
			buildConfigurations = (
				7143E71B1AB2412F00670A5A /* Debug */,
				7143E71C1AB2412F00670A5A /* Release */,
			);
			defaultConfigurationIsVisible = 0;
			defaultConfigurationName = Release;
		};
		7143E71D1AB2412F00670A5A /* Build configuration list for PBXNativeTarget "fbLogin" */ = {
			isa = XCConfigurationList;
			buildConfigurations = (
				7143E71E1AB2412F00670A5A /* Debug */,
				7143E71F1AB2412F00670A5A /* Release */,
			);
			defaultConfigurationIsVisible = 0;
		};
		7143E7201AB2412F00670A5A /* Build configuration list for PBXNativeTarget "fbLoginTests" */ = {
			isa = XCConfigurationList;
			buildConfigurations = (
				7143E7211AB2412F00670A5A /* Debug */,
				7143E7221AB2412F00670A5A /* Release */,
			);
			defaultConfigurationIsVisible = 0;
		};
/* End XCConfigurationList section */
	};
	rootObject = 7143E6F61AB2412E00670A5A /* Project object */;
}
